
Microsoft Visual Studio Solution File, Format Version 12.00
# Visual Studio 15
VisualStudioVersion = 15.0.28307.421
MinimumVisualStudioVersion = 10.0.40219.1
Project("{FAE04EC0-301F-11D3-BF4B-00C04F79EFBC}") = "Task_DEV-2-", "Task_DEV-2-\Task_DEV-2-.csproj", "{97199AF0-DE99-4E16-8E09-256070FE3249}"
EndProject
Project("{FAE04EC0-301F-11D3-BF4B-00C04F79EFBC}") = "Task_DEV-2Test", "Task_DEV-2Test\Task_DEV-2Test.csproj", "{8664C505-2BCF-4987-B2FD-2E4A3F56B311}"
EndProject
Global
	GlobalSection(SolutionConfigurationPlatforms) = preSolution
		Debug|Any CPU = Debug|Any CPU
		Release|Any CPU = Release|Any CPU
	EndGlobalSection
	GlobalSection(ProjectConfigurationPlatforms) = postSolution
		{97199AF0-DE99-4E16-8E09-256070FE3249}.Debug|Any CPU.ActiveCfg = Debug|Any CPU
		{97199AF0-DE99-4E16-8E09-256070FE3249}.Debug|Any CPU.Build.0 = Debug|Any CPU
		{97199AF0-DE99-4E16-8E09-256070FE3249}.Release|Any CPU.ActiveCfg = Release|Any CPU
		{97199AF0-DE99-4E16-8E09-256070FE3249}.Release|Any CPU.Build.0 = Release|Any CPU
		{8664C505-2BCF-4987-B2FD-2E4A3F56B311}.Debug|Any CPU.ActiveCfg = Debug|Any CPU
		{8664C505-2BCF-4987-B2FD-2E4A3F56B311}.Debug|Any CPU.Build.0 = Debug|Any CPU
		{8664C505-2BCF-4987-B2FD-2E4A3F56B311}.Release|Any CPU.ActiveCfg = Release|Any CPU
		{8664C505-2BCF-4987-B2FD-2E4A3F56B311}.Release|Any CPU.Build.0 = Release|Any CPU
	EndGlobalSection
	GlobalSection(SolutionProperties) = preSolution
		HideSolutionNode = FALSE
	EndGlobalSection
	GlobalSection(ExtensibilityGlobals) = postSolution
		SolutionGuid = {C1CB6E2E-8A19-4DD8-BDBE-93FD7B75BA17}
	EndGlobalSection
EndGlobal
