
Microsoft Visual Studio Solution File, Format Version 12.00
# Visual Studio 15
VisualStudioVersion = 15.0.28307.421
MinimumVisualStudioVersion = 10.0.40219.1
Project("{FAE04EC0-301F-11D3-BF4B-00C04F79EFBC}") = "TAT2019.Kuzniatsou.Task1", "TAT2019.Kuzniatsou.Task1\TAT2019.Kuzniatsou.Task1.csproj", "{795A370E-D974-4606-B19C-F3AD68F9DADE}"
EndProject
Global
	GlobalSection(SolutionConfigurationPlatforms) = preSolution
		Debug|Any CPU = Debug|Any CPU
		Release|Any CPU = Release|Any CPU
	EndGlobalSection
	GlobalSection(ProjectConfigurationPlatforms) = postSolution
		{795A370E-D974-4606-B19C-F3AD68F9DADE}.Debug|Any CPU.ActiveCfg = Debug|Any CPU
		{795A370E-D974-4606-B19C-F3AD68F9DADE}.Debug|Any CPU.Build.0 = Debug|Any CPU
		{795A370E-D974-4606-B19C-F3AD68F9DADE}.Release|Any CPU.ActiveCfg = Release|Any CPU
		{795A370E-D974-4606-B19C-F3AD68F9DADE}.Release|Any CPU.Build.0 = Release|Any CPU
	EndGlobalSection
	GlobalSection(SolutionProperties) = preSolution
		HideSolutionNode = FALSE
	EndGlobalSection
	GlobalSection(ExtensibilityGlobals) = postSolution
		SolutionGuid = {7F106DC0-48B7-4CC2-907C-C227E10203E4}
	EndGlobalSection
EndGlobal
