
Microsoft Visual Studio Solution File, Format Version 12.00
# Visual Studio 15
VisualStudioVersion = 15.0.28307.489
MinimumVisualStudioVersion = 10.0.40219.1
Project("{FAE04EC0-301F-11D3-BF4B-00C04F79EFBC}") = "Task_DEV-4", "Task_DEV-4\Task_DEV-4.csproj", "{0A9692E5-7B79-42BD-8ADD-99725B3B333B}"
EndProject
Global
	GlobalSection(SolutionConfigurationPlatforms) = preSolution
		Debug|Any CPU = Debug|Any CPU
		Release|Any CPU = Release|Any CPU
	EndGlobalSection
	GlobalSection(ProjectConfigurationPlatforms) = postSolution
		{0A9692E5-7B79-42BD-8ADD-99725B3B333B}.Debug|Any CPU.ActiveCfg = Debug|Any CPU
		{0A9692E5-7B79-42BD-8ADD-99725B3B333B}.Debug|Any CPU.Build.0 = Debug|Any CPU
		{0A9692E5-7B79-42BD-8ADD-99725B3B333B}.Release|Any CPU.ActiveCfg = Release|Any CPU
		{0A9692E5-7B79-42BD-8ADD-99725B3B333B}.Release|Any CPU.Build.0 = Release|Any CPU
	EndGlobalSection
	GlobalSection(SolutionProperties) = preSolution
		HideSolutionNode = FALSE
	EndGlobalSection
	GlobalSection(ExtensibilityGlobals) = postSolution
		SolutionGuid = {16D85749-B78E-4BA3-AE32-5D1EBAB692B6}
	EndGlobalSection
EndGlobal
