
Microsoft Visual Studio Solution File, Format Version 12.00
# Visual Studio Version 16
VisualStudioVersion = 16.0.28803.352
MinimumVisualStudioVersion = 10.0.40219.1
Project("{FAE04EC0-301F-11D3-BF4B-00C04F79EFBC}") = "Task_DEV-10", "Task_DEV-10\Task_DEV-10.csproj", "{E406E309-93FA-4CA8-B312-A598D176B5BB}"
EndProject
Global
	GlobalSection(SolutionConfigurationPlatforms) = preSolution
		Debug|Any CPU = Debug|Any CPU
		Release|Any CPU = Release|Any CPU
	EndGlobalSection
	GlobalSection(ProjectConfigurationPlatforms) = postSolution
		{E406E309-93FA-4CA8-B312-A598D176B5BB}.Debug|Any CPU.ActiveCfg = Debug|Any CPU
		{E406E309-93FA-4CA8-B312-A598D176B5BB}.Debug|Any CPU.Build.0 = Debug|Any CPU
		{E406E309-93FA-4CA8-B312-A598D176B5BB}.Release|Any CPU.ActiveCfg = Release|Any CPU
		{E406E309-93FA-4CA8-B312-A598D176B5BB}.Release|Any CPU.Build.0 = Release|Any CPU
	EndGlobalSection
	GlobalSection(SolutionProperties) = preSolution
		HideSolutionNode = FALSE
	EndGlobalSection
	GlobalSection(ExtensibilityGlobals) = postSolution
		SolutionGuid = {995F0A5A-1EF5-4BB8-BB64-43C9E67170E0}
	EndGlobalSection
EndGlobal
